
Microsoft Visual Studio Solution File, Format Version 12.00
Project("{FAE04EC0-301F-11D3-BF4B-00C04F79EFBC}") = "FrameWork.Host", "FrameWork.Host\FrameWork.Host.csproj", "{3C49BB21-4E58-4942-AF20-519D04D33745}"
EndProject
Project("{FAE04EC0-301F-11D3-BF4B-00C04F79EFBC}") = "FrameWork.Application", "FrameWork.Application\FrameWork.Application.csproj", "{391441D3-83DD-462D-98F4-B825739931D5}"
EndProject
Project("{FAE04EC0-301F-11D3-BF4B-00C04F79EFBC}") = "FrameWork.Domain", "FrameWork.Domain\FrameWork.Domain.csproj", "{C6127E2E-4753-44F9-9E2E-6C033EB52372}"
EndProject
Project("{FAE04EC0-301F-11D3-BF4B-00C04F79EFBC}") = "FrameWork.Infrastructure", "FrameWork.Infrastructure\FrameWork.Infrastructure.csproj", "{951410DE-AA3B-4CCF-93BB-65DC842D5D74}"
EndProject
Project("{FAE04EC0-301F-11D3-BF4B-00C04F79EFBC}") = "FrameWork.Test", "FrameWork.Test\FrameWork.Test.csproj", "{EAEE628A-5106-47BB-9D91-01D22D702283}"
EndProject
Global
	GlobalSection(SolutionConfigurationPlatforms) = preSolution
		Debug|Any CPU = Debug|Any CPU
		Release|Any CPU = Release|Any CPU
	EndGlobalSection
	GlobalSection(ProjectConfigurationPlatforms) = postSolution
		{3C49BB21-4E58-4942-AF20-519D04D33745}.Debug|Any CPU.ActiveCfg = Debug|Any CPU
		{3C49BB21-4E58-4942-AF20-519D04D33745}.Debug|Any CPU.Build.0 = Debug|Any CPU
		{3C49BB21-4E58-4942-AF20-519D04D33745}.Release|Any CPU.ActiveCfg = Release|Any CPU
		{3C49BB21-4E58-4942-AF20-519D04D33745}.Release|Any CPU.Build.0 = Release|Any CPU
		{391441D3-83DD-462D-98F4-B825739931D5}.Debug|Any CPU.ActiveCfg = Debug|Any CPU
		{391441D3-83DD-462D-98F4-B825739931D5}.Debug|Any CPU.Build.0 = Debug|Any CPU
		{391441D3-83DD-462D-98F4-B825739931D5}.Release|Any CPU.ActiveCfg = Release|Any CPU
		{391441D3-83DD-462D-98F4-B825739931D5}.Release|Any CPU.Build.0 = Release|Any CPU
		{C6127E2E-4753-44F9-9E2E-6C033EB52372}.Debug|Any CPU.ActiveCfg = Debug|Any CPU
		{C6127E2E-4753-44F9-9E2E-6C033EB52372}.Debug|Any CPU.Build.0 = Debug|Any CPU
		{C6127E2E-4753-44F9-9E2E-6C033EB52372}.Release|Any CPU.ActiveCfg = Release|Any CPU
		{C6127E2E-4753-44F9-9E2E-6C033EB52372}.Release|Any CPU.Build.0 = Release|Any CPU
		{951410DE-AA3B-4CCF-93BB-65DC842D5D74}.Debug|Any CPU.ActiveCfg = Debug|Any CPU
		{951410DE-AA3B-4CCF-93BB-65DC842D5D74}.Debug|Any CPU.Build.0 = Debug|Any CPU
		{951410DE-AA3B-4CCF-93BB-65DC842D5D74}.Release|Any CPU.ActiveCfg = Release|Any CPU
		{951410DE-AA3B-4CCF-93BB-65DC842D5D74}.Release|Any CPU.Build.0 = Release|Any CPU
		{EAEE628A-5106-47BB-9D91-01D22D702283}.Debug|Any CPU.ActiveCfg = Debug|Any CPU
		{EAEE628A-5106-47BB-9D91-01D22D702283}.Debug|Any CPU.Build.0 = Debug|Any CPU
		{EAEE628A-5106-47BB-9D91-01D22D702283}.Release|Any CPU.ActiveCfg = Release|Any CPU
		{EAEE628A-5106-47BB-9D91-01D22D702283}.Release|Any CPU.Build.0 = Release|Any CPU
	EndGlobalSection
EndGlobal
